
Microsoft Visual Studio Solution File, Format Version 12.00
# Visual Studio Version 17
VisualStudioVersion = 17.14.36511.14 d17.14
MinimumVisualStudioVersion = 10.0.40219.1
Project("{FAE04EC0-301F-11D3-BF4B-00C04F79EFBC}") = "HW-03", "HW-03.csproj", "{1C31808D-9DBE-4E25-9E79-0F7DC9A39505}"
EndProject
Global
	GlobalSection(SolutionConfigurationPlatforms) = preSolution
		Debug|Any CPU = Debug|Any CPU
		Release|Any CPU = Release|Any CPU
	EndGlobalSection
	GlobalSection(ProjectConfigurationPlatforms) = postSolution
		{1C31808D-9DBE-4E25-9E79-0F7DC9A39505}.Debug|Any CPU.ActiveCfg = Debug|Any CPU
		{1C31808D-9DBE-4E25-9E79-0F7DC9A39505}.Debug|Any CPU.Build.0 = Debug|Any CPU
		{1C31808D-9DBE-4E25-9E79-0F7DC9A39505}.Release|Any CPU.ActiveCfg = Release|Any CPU
		{1C31808D-9DBE-4E25-9E79-0F7DC9A39505}.Release|Any CPU.Build.0 = Release|Any CPU
	EndGlobalSection
	GlobalSection(SolutionProperties) = preSolution
		HideSolutionNode = FALSE
	EndGlobalSection
	GlobalSection(ExtensibilityGlobals) = postSolution
		SolutionGuid = {A603CA9B-F227-415A-A44A-3900F0389F63}
	EndGlobalSection
EndGlobal
